# This file was autogenerated by Stack.
# You should not edit this file by hand.
# For more information, please see the documentation at:
#   https://docs.haskellstack.org/en/stable/lock_files

packages:
- completed:
    hackage: generic-lens-lite-0.1@sha256:8fe76096941926171ba31d26ba02eb15f2aeaf0bbdb3dfe62990de5e32d62614,1646
    pantry-tree:
      size: 315
      sha256: 867c77c5af61d152bab4d6fc36a604559efe0b35da19c55ce5548c4787fe39f6
  original:
    hackage: generic-lens-lite-0.1@sha256:8fe76096941926171ba31d26ba02eb15f2aeaf0bbdb3dfe62990de5e32d62614,1646
- completed:
    hackage: monad-validate-1.2.0.1@sha256:5a100da896f11ca4b7c123da85decbedeb46c37054a097f258ac911e715cb68d,2587
    pantry-tree:
      size: 611
      sha256: 034ee4de9765e38b763f5d73b236cc112205728e680cefbfe12d2882accc3264
  original:
    hackage: monad-validate-1.2.0.1@sha256:5a100da896f11ca4b7c123da85decbedeb46c37054a097f258ac911e715cb68d,2587
snapshots:
- completed:
    size: 619158
    url: https://raw.githubusercontent.com/commercialhaskell/stackage-snapshots/master/lts/19/12.yaml
    sha256: d4d7a4ac80485f3c21d0c6bfe5e7a21c3f71ca4fdfea022f98574047ebb58ebb
  original: lts-19.12
