# This file was autogenerated by Stack.
# You should not edit this file by hand.
# For more information, please see the documentation at:
#   https://docs.haskellstack.org/en/stable/lock_files

packages:
- completed:
    hackage: generic-lens-lite-0.1@sha256:8fe76096941926171ba31d26ba02eb15f2aeaf0bbdb3dfe62990de5e32d62614,1646
    pantry-tree:
      size: 315
      sha256: 867c77c5af61d152bab4d6fc36a604559efe0b35da19c55ce5548c4787fe39f6
  original:
    hackage: generic-lens-lite-0.1@sha256:8fe76096941926171ba31d26ba02eb15f2aeaf0bbdb3dfe62990de5e32d62614,1646
- completed:
    hackage: lens-family-2.1.1@sha256:dc7b2f404f201e37f9d5c3baea4c15ee2beeb0b79f7ccd43c4b38331e22205c7,2026
    pantry-tree:
      size: 612
      sha256: 70cd004fe7086aea7058a5dc7c267de5df64ef3236c5f19caf3393153ce901c0
  original:
    hackage: lens-family-2.1.1@sha256:dc7b2f404f201e37f9d5c3baea4c15ee2beeb0b79f7ccd43c4b38331e22205c7,2026
- completed:
    hackage: lens-family-core-2.1.0@sha256:124b4371ffc147a8f2fb59a7bda339ce20eec83f887a647a63497e1efc56f837,2290
    pantry-tree:
      size: 880
      sha256: dc329b99e191f8fdcf6cd8f1c9d4efdc3bb90d6d8e2aa6957e70134648f9a18c
  original:
    hackage: lens-family-core-2.1.0@sha256:124b4371ffc147a8f2fb59a7bda339ce20eec83f887a647a63497e1efc56f837,2290
- completed:
    name: monad-validate
    version: 1.2.0.0
    git: https://github.com/LeapYear/monad-validate.git
    pantry-tree:
      size: 869
      sha256: 476226f8ab103b78b7599c2ddae3d2177960c326ab9bc3b9cb64fdabb10e24e1
    commit: 6123194b484c6fc002e5f491bae1054fac437c4b
  original:
    git: https://github.com/LeapYear/monad-validate.git
    commit: 6123194b484c6fc002e5f491bae1054fac437c4b
snapshots:
- completed:
    size: 617368
    url: https://raw.githubusercontent.com/commercialhaskell/stackage-snapshots/master/lts/19/2.yaml
    sha256: e7e57649a12f6178d1158e4b6f1f1885ed56d210ae6174385271cecc9b1ea974
  original: lts-19.2
